# THIS IS AN AUTOGENERATED FILE. DO NOT EDIT THIS FILE DIRECTLY.
# yarn lockfile v1


formik-material-ui-lab@^0.0.8:
  version "0.0.8"
  resolved "https://registry.yarnpkg.com/formik-material-ui-lab/-/formik-material-ui-lab-0.0.8.tgz#c82272689b8d0236b96f8b4aa310dfe982bb05a1"
  integrity sha512-i7rWoAJU0XgBJEEkyAqqI2rxZA/hS7/XlomYQAybFf4tjhO1sfnIJZ/vITs9Wl18zMs9s1gmXCMq9Sjk0ErKcA==
